
Microsoft Visual Studio Solution File, Format Version 12.00
# Visual Studio 2015
Project("{FAE04EC0-301F-11D3-BF4B-00C04F79EFBC}") = "Mad-Birds", "Mad-Birds.csproj", "{61A6787B-A869-ECF6-7207-1DA6EE523332}"
EndProject
Global
	GlobalSection(SolutionConfigurationPlatforms) = preSolution
		Debug|Any CPU = Debug|Any CPU
		Release|Any CPU = Release|Any CPU
	EndGlobalSection
	GlobalSection(ProjectConfigurationPlatforms) = postSolution
		{61A6787B-A869-ECF6-7207-1DA6EE523332}.Debug|Any CPU.ActiveCfg = Debug|Any CPU
		{61A6787B-A869-ECF6-7207-1DA6EE523332}.Debug|Any CPU.Build.0 = Debug|Any CPU
		{61A6787B-A869-ECF6-7207-1DA6EE523332}.Release|Any CPU.ActiveCfg = Release|Any CPU
		{61A6787B-A869-ECF6-7207-1DA6EE523332}.Release|Any CPU.Build.0 = Release|Any CPU
	EndGlobalSection
	GlobalSection(SolutionProperties) = preSolution
		HideSolutionNode = FALSE
	EndGlobalSection
EndGlobal
